// !$*UTF8*$!
{
	archiveVersion = 1;
	classes = {
	};
	objectVersion = 56;
	objects = {

/* Begin PBXBuildFile section */
		179C7BE529047605008ED3A0 /* ImageView.swift in Sources */ = {isa = PBXBuildFile; fileRef = 179C7BE429047604008ED3A0 /* ImageView.swift */; };
		512F3BEC290306BD00B22EE3 /* TabbedView.swift in Sources */ = {isa = PBXBuildFile; fileRef = 512F3BEB290306BD00B22EE3 /* TabbedView.swift */; };
		512F3BEE290306FE00B22EE3 /* TabBarView.swift in Sources */ = {isa = PBXBuildFile; fileRef = 512F3BED290306FE00B22EE3 /* TabBarView.swift */; };
		512F3BF7290308FA00B22EE3 /* SavedView.swift in Sources */ = {isa = PBXBuildFile; fileRef = 512F3BF6290308FA00B22EE3 /* SavedView.swift */; };
		512F3BFB29030AAD00B22EE3 /* AppModel.swift in Sources */ = {isa = PBXBuildFile; fileRef = 512F3BFA29030AAD00B22EE3 /* AppModel.swift */; };
		518B853128FEBB03000265BA /* FoundationExtension.swift in Sources */ = {isa = PBXBuildFile; fileRef = 518B853028FEBB03000265BA /* FoundationExtension.swift */; };
		518B853328FEBB13000265BA /* ColorExtension.swift in Sources */ = {isa = PBXBuildFile; fileRef = 518B853228FEBB13000265BA /* ColorExtension.swift */; };
		518B853528FEBB22000265BA /* Colors.swift in Sources */ = {isa = PBXBuildFile; fileRef = 518B853428FEBB22000265BA /* Colors.swift */; };
		518B853829010FB5000265BA /* ConvertViewModel.swift in Sources */ = {isa = PBXBuildFile; fileRef = 518B853729010FB5000265BA /* ConvertViewModel.swift */; };
		518B853A29012082000265BA /* FontManager.swift in Sources */ = {isa = PBXBuildFile; fileRef = 518B853929012082000265BA /* FontManager.swift */; };
		518B854C2901241D000265BA /* Nocturne-Serif-SemiBold.otf in Resources */ = {isa = PBXBuildFile; fileRef = 518B85482901241D000265BA /* Nocturne-Serif-SemiBold.otf */; };
		518B854D2901241D000265BA /* Nocturne-Serif-Bold.otf in Resources */ = {isa = PBXBuildFile; fileRef = 518B85492901241D000265BA /* Nocturne-Serif-Bold.otf */; };
		518B854E2901241D000265BA /* Nocturne-Serif-Medium.otf in Resources */ = {isa = PBXBuildFile; fileRef = 518B854A2901241D000265BA /* Nocturne-Serif-Medium.otf */; };
		518B854F2901241D000265BA /* Nocturne-Serif-Regular.otf in Resources */ = {isa = PBXBuildFile; fileRef = 518B854B2901241D000265BA /* Nocturne-Serif-Regular.otf */; };
		518B856429012ECD000265BA /* Ubuntu-Regular.ttf in Resources */ = {isa = PBXBuildFile; fileRef = 518B856029012ECD000265BA /* Ubuntu-Regular.ttf */; };
		518B856529012ECD000265BA /* Ubuntu-Bold.ttf in Resources */ = {isa = PBXBuildFile; fileRef = 518B856129012ECD000265BA /* Ubuntu-Bold.ttf */; };
		518B856629012ECD000265BA /* Ubuntu-Medium.ttf in Resources */ = {isa = PBXBuildFile; fileRef = 518B856229012ECD000265BA /* Ubuntu-Medium.ttf */; };
		518B856729012ECD000265BA /* Ubuntu-Light.ttf in Resources */ = {isa = PBXBuildFile; fileRef = 518B856329012ECD000265BA /* Ubuntu-Light.ttf */; };
		518B85692901427A000265BA /* ViewExtensions.swift in Sources */ = {isa = PBXBuildFile; fileRef = 518B85682901427A000265BA /* ViewExtensions.swift */; };
		5192ADC928FEAF2E00A2D3EC /* Color_Dev_UIApp.swift in Sources */ = {isa = PBXBuildFile; fileRef = 5192ADC828FEAF2E00A2D3EC /* Color_Dev_UIApp.swift */; };
		5192ADCB28FEAF2E00A2D3EC /* ConvertView.swift in Sources */ = {isa = PBXBuildFile; fileRef = 5192ADCA28FEAF2E00A2D3EC /* ConvertView.swift */; };
		5192ADCD28FEAF2E00A2D3EC /* Assets.xcassets in Resources */ = {isa = PBXBuildFile; fileRef = 5192ADCC28FEAF2E00A2D3EC /* Assets.xcassets */; };
		5192ADD028FEAF2E00A2D3EC /* Preview Assets.xcassets in Resources */ = {isa = PBXBuildFile; fileRef = 5192ADCF28FEAF2E00A2D3EC /* Preview Assets.xcassets */; };
/* End PBXBuildFile section */

/* Begin PBXFileReference section */
		179C7BE429047604008ED3A0 /* ImageView.swift */ = {isa = PBXFileReference; lastKnownFileType = sourcecode.swift; path = ImageView.swift; sourceTree = SOURCE_ROOT; };
		512F3BEB290306BD00B22EE3 /* TabbedView.swift */ = {isa = PBXFileReference; lastKnownFileType = sourcecode.swift; path = TabbedView.swift; sourceTree = "<group>"; };
		512F3BED290306FE00B22EE3 /* TabBarView.swift */ = {isa = PBXFileReference; lastKnownFileType = sourcecode.swift; path = TabBarView.swift; sourceTree = "<group>"; };
		512F3BF6290308FA00B22EE3 /* SavedView.swift */ = {isa = PBXFileReference; lastKnownFileType = sourcecode.swift; path = SavedView.swift; sourceTree = "<group>"; };
		512F3BFA29030AAD00B22EE3 /* AppModel.swift */ = {isa = PBXFileReference; lastKnownFileType = sourcecode.swift; path = AppModel.swift; sourceTree = "<group>"; };
		518B852428FEBA26000265BA /* Color-Dev-UI-Info.plist */ = {isa = PBXFileReference; lastKnownFileType = text.plist.xml; name = "Color-Dev-UI-Info.plist"; path = "Color.Dev_UI/Resources/Color-Dev-UI-Info.plist"; sourceTree = SOURCE_ROOT; };
		518B853028FEBB03000265BA /* FoundationExtension.swift */ = {isa = PBXFileReference; lastKnownFileType = sourcecode.swift; path = FoundationExtension.swift; sourceTree = "<group>"; };
		518B853228FEBB13000265BA /* ColorExtension.swift */ = {isa = PBXFileReference; lastKnownFileType = sourcecode.swift; path = ColorExtension.swift; sourceTree = "<group>"; };
		518B853428FEBB22000265BA /* Colors.swift */ = {isa = PBXFileReference; lastKnownFileType = sourcecode.swift; path = Colors.swift; sourceTree = "<group>"; };
		518B853729010FB5000265BA /* ConvertViewModel.swift */ = {isa = PBXFileReference; lastKnownFileType = sourcecode.swift; path = ConvertViewModel.swift; sourceTree = "<group>"; };
		518B853929012082000265BA /* FontManager.swift */ = {isa = PBXFileReference; lastKnownFileType = sourcecode.swift; path = FontManager.swift; sourceTree = "<group>"; };
		518B85482901241D000265BA /* Nocturne-Serif-SemiBold.otf */ = {isa = PBXFileReference; lastKnownFileType = file; path = "Nocturne-Serif-SemiBold.otf"; sourceTree = "<group>"; };
		518B85492901241D000265BA /* Nocturne-Serif-Bold.otf */ = {isa = PBXFileReference; lastKnownFileType = file; path = "Nocturne-Serif-Bold.otf"; sourceTree = "<group>"; };
		518B854A2901241D000265BA /* Nocturne-Serif-Medium.otf */ = {isa = PBXFileReference; lastKnownFileType = file; path = "Nocturne-Serif-Medium.otf"; sourceTree = "<group>"; };
		518B854B2901241D000265BA /* Nocturne-Serif-Regular.otf */ = {isa = PBXFileReference; lastKnownFileType = file; path = "Nocturne-Serif-Regular.otf"; sourceTree = "<group>"; };
		518B856029012ECD000265BA /* Ubuntu-Regular.ttf */ = {isa = PBXFileReference; lastKnownFileType = file; path = "Ubuntu-Regular.ttf"; sourceTree = "<group>"; };
		518B856129012ECD000265BA /* Ubuntu-Bold.ttf */ = {isa = PBXFileReference; lastKnownFileType = file; path = "Ubuntu-Bold.ttf"; sourceTree = "<group>"; };
		518B856229012ECD000265BA /* Ubuntu-Medium.ttf */ = {isa = PBXFileReference; lastKnownFileType = file; path = "Ubuntu-Medium.ttf"; sourceTree = "<group>"; };
		518B856329012ECD000265BA /* Ubuntu-Light.ttf */ = {isa = PBXFileReference; lastKnownFileType = file; path = "Ubuntu-Light.ttf"; sourceTree = "<group>"; };
		518B85682901427A000265BA /* ViewExtensions.swift */ = {isa = PBXFileReference; lastKnownFileType = sourcecode.swift; path = ViewExtensions.swift; sourceTree = "<group>"; };
		5192ADC528FEAF2E00A2D3EC /* Color.Dev_UI.app */ = {isa = PBXFileReference; explicitFileType = wrapper.application; includeInIndex = 0; path = Color.Dev_UI.app; sourceTree = BUILT_PRODUCTS_DIR; };
		5192ADC828FEAF2E00A2D3EC /* Color_Dev_UIApp.swift */ = {isa = PBXFileReference; lastKnownFileType = sourcecode.swift; path = Color_Dev_UIApp.swift; sourceTree = "<group>"; };
		5192ADCA28FEAF2E00A2D3EC /* ConvertView.swift */ = {isa = PBXFileReference; lastKnownFileType = sourcecode.swift; path = ConvertView.swift; sourceTree = "<group>"; };
		5192ADCC28FEAF2E00A2D3EC /* Assets.xcassets */ = {isa = PBXFileReference; lastKnownFileType = folder.assetcatalog; path = Assets.xcassets; sourceTree = "<group>"; };
		5192ADCF28FEAF2E00A2D3EC /* Preview Assets.xcassets */ = {isa = PBXFileReference; lastKnownFileType = folder.assetcatalog; path = "Preview Assets.xcassets"; sourceTree = "<group>"; };
/* End PBXFileReference section */

/* Begin PBXFrameworksBuildPhase section */
		5192ADC228FEAF2E00A2D3EC /* Frameworks */ = {
			isa = PBXFrameworksBuildPhase;
			buildActionMask = 2147483647;
			files = (
			);
			runOnlyForDeploymentPostprocessing = 0;
		};
/* End PBXFrameworksBuildPhase section */

/* Begin PBXGroup section */
		512F3BE8290306A300B22EE3 /* Tab */ = {
			isa = PBXGroup;
			children = (
				512F3BEA290306B200B22EE3 /* Support Views */,
				512F3BE9290306AB00B22EE3 /* Views */,
			);
			path = Tab;
			sourceTree = "<group>";
		};
		512F3BE9290306AB00B22EE3 /* Views */ = {
			isa = PBXGroup;
			children = (
				512F3BEB290306BD00B22EE3 /* TabbedView.swift */,
				512F3BED290306FE00B22EE3 /* TabBarView.swift */,
			);
			path = Views;
			sourceTree = "<group>";
		};
		512F3BEA290306B200B22EE3 /* Support Views */ = {
			isa = PBXGroup;
			children = (
				179C7BE429047604008ED3A0 /* ImageView.swift */,
			);
			path = "Support Views";
			sourceTree = "<group>";
		};
		512F3BEF290308C900B22EE3 /* Saved */ = {
			isa = PBXGroup;
			children = (
				512F3BF0290308CF00B22EE3 /* Models */,
				512F3BF3290308DF00B22EE3 /* Support Shapes */,
				512F3BF1290308D400B22EE3 /* Services */,
				512F3BF2290308D700B22EE3 /* Views */,
			);
			path = Saved;
			sourceTree = "<group>";
		};
		512F3BF0290308CF00B22EE3 /* Models */ = {
			isa = PBXGroup;
			children = (
			);
			path = Models;
			sourceTree = "<group>";
		};
		512F3BF1290308D400B22EE3 /* Services */ = {
			isa = PBXGroup;
			children = (
			);
			path = Services;
			sourceTree = "<group>";
		};
		512F3BF2290308D700B22EE3 /* Views */ = {
			isa = PBXGroup;
			children = (
				512F3BF4290308E700B22EE3 /* Support Views */,
				512F3BF6290308FA00B22EE3 /* SavedView.swift */,
			);
			path = Views;
			sourceTree = "<group>";
		};
		512F3BF3290308DF00B22EE3 /* Support Shapes */ = {
			isa = PBXGroup;
			children = (
			);
			path = "Support Shapes";
			sourceTree = "<group>";
		};
		512F3BF4290308E700B22EE3 /* Support Views */ = {
			isa = PBXGroup;
			children = (
			);
			path = "Support Views";
			sourceTree = "<group>";
		};
		512F3BF829030A9100B22EE3 /* Shared Services */ = {
			isa = PBXGroup;
			children = (
				512F3BFA29030AAD00B22EE3 /* AppModel.swift */,
			);
			path = "Shared Services";
			sourceTree = "<group>";
		};
		512F3BFC290332BA00B22EE3 /* Snaps */ = {
			isa = PBXGroup;
			children = (
			);
			path = Snaps;
			sourceTree = "<group>";
		};
		518B852228FEBA15000265BA /* Resources */ = {
			isa = PBXGroup;
			children = (
				512F3BFC290332BA00B22EE3 /* Snaps */,
				518B852528FEBA2A000265BA /* Fonts */,
				518B852428FEBA26000265BA /* Color-Dev-UI-Info.plist */,
				5192ADCC28FEAF2E00A2D3EC /* Assets.xcassets */,
				5192ADCE28FEAF2E00A2D3EC /* Preview Content */,
			);
			path = Resources;
			sourceTree = "<group>";
		};
		518B852328FEBA19000265BA /* Code */ = {
			isa = PBXGroup;
			children = (
				518B852D28FEBADF000265BA /* Controllers */,
				518B852628FEBA58000265BA /* Features */,
				512F3BF829030A9100B22EE3 /* Shared Services */,
			);
			path = Code;
			sourceTree = "<group>";
		};
		518B852528FEBA2A000265BA /* Fonts */ = {
			isa = PBXGroup;
			children = (
				518B85472901214D000265BA /* Nocturne */,
				518B853629010F4D000265BA /* Ubuntu */,
			);
			path = Fonts;
			sourceTree = "<group>";
		};
		518B852628FEBA58000265BA /* Features */ = {
			isa = PBXGroup;
			children = (
				512F3BE8290306A300B22EE3 /* Tab */,
				518B852728FEBA5C000265BA /* Convert */,
				512F3BEF290308C900B22EE3 /* Saved */,
			);
			path = Features;
			sourceTree = "<group>";
		};
		518B852728FEBA5C000265BA /* Convert */ = {
			isa = PBXGroup;
			children = (
				518B852828FEBA62000265BA /* Models */,
				518B852B28FEBA6B000265BA /* Support Shapes */,
				518B852928FEBA66000265BA /* Services */,
				518B852C28FEBA74000265BA /* Views */,
			);
			path = Convert;
			sourceTree = "<group>";
		};
		518B852828FEBA62000265BA /* Models */ = {
			isa = PBXGroup;
			children = (
			);
			path = Models;
			sourceTree = "<group>";
		};
		518B852928FEBA66000265BA /* Services */ = {
			isa = PBXGroup;
			children = (
				518B853729010FB5000265BA /* ConvertViewModel.swift */,
			);
			path = Services;
			sourceTree = "<group>";
		};
		518B852A28FEBA69000265BA /* Support Views */ = {
			isa = PBXGroup;
			children = (
			);
			path = "Support Views";
			sourceTree = "<group>";
		};
		518B852B28FEBA6B000265BA /* Support Shapes */ = {
			isa = PBXGroup;
			children = (
			);
			path = "Support Shapes";
			sourceTree = "<group>";
		};
		518B852C28FEBA74000265BA /* Views */ = {
			isa = PBXGroup;
			children = (
				518B852A28FEBA69000265BA /* Support Views */,
				5192ADCA28FEAF2E00A2D3EC /* ConvertView.swift */,
			);
			path = Views;
			sourceTree = "<group>";
		};
		518B852D28FEBADF000265BA /* Controllers */ = {
			isa = PBXGroup;
			children = (
				5192ADC828FEAF2E00A2D3EC /* Color_Dev_UIApp.swift */,
			);
			path = Controllers;
			sourceTree = "<group>";
		};
		518B852E28FEBAE3000265BA /* Extensions */ = {
			isa = PBXGroup;
			children = (
				518B853028FEBB03000265BA /* FoundationExtension.swift */,
				518B853228FEBB13000265BA /* ColorExtension.swift */,
				518B85682901427A000265BA /* ViewExtensions.swift */,
			);
			path = Extensions;
			sourceTree = "<group>";
		};
		518B852F28FEBAE7000265BA /* Utils */ = {
			isa = PBXGroup;
			children = (
				518B853428FEBB22000265BA /* Colors.swift */,
				518B853929012082000265BA /* FontManager.swift */,
			);
			path = Utils;
			sourceTree = "<group>";
		};
		518B853629010F4D000265BA /* Ubuntu */ = {
			isa = PBXGroup;
			children = (
				518B856129012ECD000265BA /* Ubuntu-Bold.ttf */,
				518B856329012ECD000265BA /* Ubuntu-Light.ttf */,
				518B856229012ECD000265BA /* Ubuntu-Medium.ttf */,
				518B856029012ECD000265BA /* Ubuntu-Regular.ttf */,
			);
			path = Ubuntu;
			sourceTree = "<group>";
		};
		518B85472901214D000265BA /* Nocturne */ = {
			isa = PBXGroup;
			children = (
				518B85492901241D000265BA /* Nocturne-Serif-Bold.otf */,
				518B854A2901241D000265BA /* Nocturne-Serif-Medium.otf */,
				518B854B2901241D000265BA /* Nocturne-Serif-Regular.otf */,
				518B85482901241D000265BA /* Nocturne-Serif-SemiBold.otf */,
			);
			path = Nocturne;
			sourceTree = "<group>";
		};
		5192ADBC28FEAF2E00A2D3EC = {
			isa = PBXGroup;
			children = (
				5192ADC728FEAF2E00A2D3EC /* Color.Dev_UI */,
				5192ADC628FEAF2E00A2D3EC /* Products */,
			);
			sourceTree = "<group>";
		};
		5192ADC628FEAF2E00A2D3EC /* Products */ = {
			isa = PBXGroup;
			children = (
				5192ADC528FEAF2E00A2D3EC /* Color.Dev_UI.app */,
			);
			name = Products;
			sourceTree = "<group>";
		};
		5192ADC728FEAF2E00A2D3EC /* Color.Dev_UI */ = {
			isa = PBXGroup;
			children = (
				518B852E28FEBAE3000265BA /* Extensions */,
				518B852328FEBA19000265BA /* Code */,
				518B852F28FEBAE7000265BA /* Utils */,
				518B852228FEBA15000265BA /* Resources */,
			);
			path = Color.Dev_UI;
			sourceTree = "<group>";
		};
		5192ADCE28FEAF2E00A2D3EC /* Preview Content */ = {
			isa = PBXGroup;
			children = (
				5192ADCF28FEAF2E00A2D3EC /* Preview Assets.xcassets */,
			);
			path = "Preview Content";
			sourceTree = "<group>";
		};
/* End PBXGroup section */

/* Begin PBXNativeTarget section */
		5192ADC428FEAF2E00A2D3EC /* Color.Dev_UI */ = {
			isa = PBXNativeTarget;
			buildConfigurationList = 5192ADD328FEAF2E00A2D3EC /* Build configuration list for PBXNativeTarget "Color.Dev_UI" */;
			buildPhases = (
				5192ADC128FEAF2E00A2D3EC /* Sources */,
				5192ADC228FEAF2E00A2D3EC /* Frameworks */,
				5192ADC328FEAF2E00A2D3EC /* Resources */,
			);
			buildRules = (
			);
			dependencies = (
			);
			name = Color.Dev_UI;
			productName = Color.Dev_UI;
			productReference = 5192ADC528FEAF2E00A2D3EC /* Color.Dev_UI.app */;
			productType = "com.apple.product-type.application";
		};
/* End PBXNativeTarget section */

/* Begin PBXProject section */
		5192ADBD28FEAF2E00A2D3EC /* Project object */ = {
			isa = PBXProject;
			attributes = {
				BuildIndependentTargetsInParallel = 1;
				LastSwiftUpdateCheck = 1400;
				LastUpgradeCheck = 1400;
				TargetAttributes = {
					5192ADC428FEAF2E00A2D3EC = {
						CreatedOnToolsVersion = 14.0;
					};
				};
			};
			buildConfigurationList = 5192ADC028FEAF2E00A2D3EC /* Build configuration list for PBXProject "Color.Dev_UI" */;
			compatibilityVersion = "Xcode 14.0";
			developmentRegion = en;
			hasScannedForEncodings = 0;
			knownRegions = (
				en,
				Base,
			);
			mainGroup = 5192ADBC28FEAF2E00A2D3EC;
			productRefGroup = 5192ADC628FEAF2E00A2D3EC /* Products */;
			projectDirPath = "";
			projectRoot = "";
			targets = (
				5192ADC428FEAF2E00A2D3EC /* Color.Dev_UI */,
			);
		};
/* End PBXProject section */

/* Begin PBXResourcesBuildPhase section */
		5192ADC328FEAF2E00A2D3EC /* Resources */ = {
			isa = PBXResourcesBuildPhase;
			buildActionMask = 2147483647;
			files = (
				518B854F2901241D000265BA /* Nocturne-Serif-Regular.otf in Resources */,
				518B854D2901241D000265BA /* Nocturne-Serif-Bold.otf in Resources */,
				518B856729012ECD000265BA /* Ubuntu-Light.ttf in Resources */,
				518B856629012ECD000265BA /* Ubuntu-Medium.ttf in Resources */,
				5192ADD028FEAF2E00A2D3EC /* Preview Assets.xcassets in Resources */,
				518B854E2901241D000265BA /* Nocturne-Serif-Medium.otf in Resources */,
				518B856529012ECD000265BA /* Ubuntu-Bold.ttf in Resources */,
				5192ADCD28FEAF2E00A2D3EC /* Assets.xcassets in Resources */,
				518B856429012ECD000265BA /* Ubuntu-Regular.ttf in Resources */,
				518B854C2901241D000265BA /* Nocturne-Serif-SemiBold.otf in Resources */,
			);
			runOnlyForDeploymentPostprocessing = 0;
		};
/* End PBXResourcesBuildPhase section */

/* Begin PBXSourcesBuildPhase section */
		5192ADC128FEAF2E00A2D3EC /* Sources */ = {
			isa = PBXSourcesBuildPhase;
			buildActionMask = 2147483647;
			files = (
				5192ADCB28FEAF2E00A2D3EC /* ConvertView.swift in Sources */,
				518B853528FEBB22000265BA /* Colors.swift in Sources */,
				518B85692901427A000265BA /* ViewExtensions.swift in Sources */,
				518B853A29012082000265BA /* FontManager.swift in Sources */,
				179C7BE529047605008ED3A0 /* ImageView.swift in Sources */,
				512F3BEC290306BD00B22EE3 /* TabbedView.swift in Sources */,
				518B853128FEBB03000265BA /* FoundationExtension.swift in Sources */,
				512F3BF7290308FA00B22EE3 /* SavedView.swift in Sources */,
				512F3BFB29030AAD00B22EE3 /* AppModel.swift in Sources */,
				5192ADC928FEAF2E00A2D3EC /* Color_Dev_UIApp.swift in Sources */,
				518B853328FEBB13000265BA /* ColorExtension.swift in Sources */,
				512F3BEE290306FE00B22EE3 /* TabBarView.swift in Sources */,
				518B853829010FB5000265BA /* ConvertViewModel.swift in Sources */,
			);
			runOnlyForDeploymentPostprocessing = 0;
		};
/* End PBXSourcesBuildPhase section */

/* Begin XCBuildConfiguration section */
		5192ADD128FEAF2E00A2D3EC /* Debug */ = {
			isa = XCBuildConfiguration;
			buildSettings = {
				ALWAYS_SEARCH_USER_PATHS = NO;
				CLANG_ANALYZER_NONNULL = YES;
				CLANG_ANALYZER_NUMBER_OBJECT_CONVERSION = YES_AGGRESSIVE;
				CLANG_CXX_LANGUAGE_STANDARD = "gnu++20";
				CLANG_ENABLE_MODULES = YES;
				CLANG_ENABLE_OBJC_ARC = YES;
				CLANG_ENABLE_OBJC_WEAK = YES;
				CLANG_WARN_BLOCK_CAPTURE_AUTORELEASING = YES;
				CLANG_WARN_BOOL_CONVERSION = YES;
				CLANG_WARN_COMMA = YES;
				CLANG_WARN_CONSTANT_CONVERSION = YES;
				CLANG_WARN_DEPRECATED_OBJC_IMPLEMENTATIONS = YES;
				CLANG_WARN_DIRECT_OBJC_ISA_USAGE = YES_ERROR;
				CLANG_WARN_DOCUMENTATION_COMMENTS = YES;
				CLANG_WARN_EMPTY_BODY = YES;
				CLANG_WARN_ENUM_CONVERSION = YES;
				CLANG_WARN_INFINITE_RECURSION = YES;
				CLANG_WARN_INT_CONVERSION = YES;
				CLANG_WARN_NON_LITERAL_NULL_CONVERSION = YES;
				CLANG_WARN_OBJC_IMPLICIT_RETAIN_SELF = YES;
				CLANG_WARN_OBJC_LITERAL_CONVERSION = YES;
				CLANG_WARN_OBJC_ROOT_CLASS = YES_ERROR;
				CLANG_WARN_QUOTED_INCLUDE_IN_FRAMEWORK_HEADER = YES;
				CLANG_WARN_RANGE_LOOP_ANALYSIS = YES;
				CLANG_WARN_STRICT_PROTOTYPES = YES;
				CLANG_WARN_SUSPICIOUS_MOVE = YES;
				CLANG_WARN_UNGUARDED_AVAILABILITY = YES_AGGRESSIVE;
				CLANG_WARN_UNREACHABLE_CODE = YES;
				CLANG_WARN__DUPLICATE_METHOD_MATCH = YES;
				COPY_PHASE_STRIP = NO;
				DEBUG_INFORMATION_FORMAT = dwarf;
				ENABLE_STRICT_OBJC_MSGSEND = YES;
				ENABLE_TESTABILITY = YES;
				GCC_C_LANGUAGE_STANDARD = gnu11;
				GCC_DYNAMIC_NO_PIC = NO;
				GCC_NO_COMMON_BLOCKS = YES;
				GCC_OPTIMIZATION_LEVEL = 0;
				GCC_PREPROCESSOR_DEFINITIONS = (
					"DEBUG=1",
					"$(inherited)",
				);
				GCC_WARN_64_TO_32_BIT_CONVERSION = YES;
				GCC_WARN_ABOUT_RETURN_TYPE = YES_ERROR;
				GCC_WARN_UNDECLARED_SELECTOR = YES;
				GCC_WARN_UNINITIALIZED_AUTOS = YES_AGGRESSIVE;
				GCC_WARN_UNUSED_FUNCTION = YES;
				GCC_WARN_UNUSED_VARIABLE = YES;
				IPHONEOS_DEPLOYMENT_TARGET = 15.0;
				MTL_ENABLE_DEBUG_INFO = INCLUDE_SOURCE;
				MTL_FAST_MATH = YES;
				ONLY_ACTIVE_ARCH = YES;
				SDKROOT = iphoneos;
				SWIFT_ACTIVE_COMPILATION_CONDITIONS = DEBUG;
				SWIFT_OPTIMIZATION_LEVEL = "-Onone";
			};
			name = Debug;
		};
		5192ADD228FEAF2E00A2D3EC /* Release */ = {
			isa = XCBuildConfiguration;
			buildSettings = {
				ALWAYS_SEARCH_USER_PATHS = NO;
				CLANG_ANALYZER_NONNULL = YES;
				CLANG_ANALYZER_NUMBER_OBJECT_CONVERSION = YES_AGGRESSIVE;
				CLANG_CXX_LANGUAGE_STANDARD = "gnu++20";
				CLANG_ENABLE_MODULES = YES;
				CLANG_ENABLE_OBJC_ARC = YES;
				CLANG_ENABLE_OBJC_WEAK = YES;
				CLANG_WARN_BLOCK_CAPTURE_AUTORELEASING = YES;
				CLANG_WARN_BOOL_CONVERSION = YES;
				CLANG_WARN_COMMA = YES;
				CLANG_WARN_CONSTANT_CONVERSION = YES;
				CLANG_WARN_DEPRECATED_OBJC_IMPLEMENTATIONS = YES;
				CLANG_WARN_DIRECT_OBJC_ISA_USAGE = YES_ERROR;
				CLANG_WARN_DOCUMENTATION_COMMENTS = YES;
				CLANG_WARN_EMPTY_BODY = YES;
				CLANG_WARN_ENUM_CONVERSION = YES;
				CLANG_WARN_INFINITE_RECURSION = YES;
				CLANG_WARN_INT_CONVERSION = YES;
				CLANG_WARN_NON_LITERAL_NULL_CONVERSION = YES;
				CLANG_WARN_OBJC_IMPLICIT_RETAIN_SELF = YES;
				CLANG_WARN_OBJC_LITERAL_CONVERSION = YES;
				CLANG_WARN_OBJC_ROOT_CLASS = YES_ERROR;
				CLANG_WARN_QUOTED_INCLUDE_IN_FRAMEWORK_HEADER = YES;
				CLANG_WARN_RANGE_LOOP_ANALYSIS = YES;
				CLANG_WARN_STRICT_PROTOTYPES = YES;
				CLANG_WARN_SUSPICIOUS_MOVE = YES;
				CLANG_WARN_UNGUARDED_AVAILABILITY = YES_AGGRESSIVE;
				CLANG_WARN_UNREACHABLE_CODE = YES;
				CLANG_WARN__DUPLICATE_METHOD_MATCH = YES;
				COPY_PHASE_STRIP = NO;
				DEBUG_INFORMATION_FORMAT = "dwarf-with-dsym";
				ENABLE_NS_ASSERTIONS = NO;
				ENABLE_STRICT_OBJC_MSGSEND = YES;
				GCC_C_LANGUAGE_STANDARD = gnu11;
				GCC_NO_COMMON_BLOCKS = YES;
				GCC_WARN_64_TO_32_BIT_CONVERSION = YES;
				GCC_WARN_ABOUT_RETURN_TYPE = YES_ERROR;
				GCC_WARN_UNDECLARED_SELECTOR = YES;
				GCC_WARN_UNINITIALIZED_AUTOS = YES_AGGRESSIVE;
				GCC_WARN_UNUSED_FUNCTION = YES;
				GCC_WARN_UNUSED_VARIABLE = YES;
				IPHONEOS_DEPLOYMENT_TARGET = 15.0;
				MTL_ENABLE_DEBUG_INFO = NO;
				MTL_FAST_MATH = YES;
				SDKROOT = iphoneos;
				SWIFT_COMPILATION_MODE = wholemodule;
				SWIFT_OPTIMIZATION_LEVEL = "-O";
				VALIDATE_PRODUCT = YES;
			};
			name = Release;
		};
		5192ADD428FEAF2E00A2D3EC /* Debug */ = {
			isa = XCBuildConfiguration;
			buildSettings = {
				ASSETCATALOG_COMPILER_APPICON_NAME = AppIcon;
				ASSETCATALOG_COMPILER_GLOBAL_ACCENT_COLOR_NAME = AccentColor;
				CODE_SIGN_STYLE = Automatic;
				CURRENT_PROJECT_VERSION = 1;
				DEVELOPMENT_ASSET_PATHS = "\"Color.Dev_UI/Resources/Preview Content\"";
				DEVELOPMENT_TEAM = VXZ7XFH447;
				ENABLE_PREVIEWS = YES;
				GENERATE_INFOPLIST_FILE = YES;
				INFOPLIST_FILE = "Color.Dev_UI/Resources/Color-Dev-UI-Info.plist";
				INFOPLIST_KEY_UIApplicationSceneManifest_Generation = YES;
				INFOPLIST_KEY_UIApplicationSupportsIndirectInputEvents = YES;
				INFOPLIST_KEY_UILaunchScreen_Generation = YES;
				INFOPLIST_KEY_UISupportedInterfaceOrientations_iPad = "UIInterfaceOrientationPortrait UIInterfaceOrientationPortraitUpsideDown UIInterfaceOrientationLandscapeLeft UIInterfaceOrientationLandscapeRight";
				INFOPLIST_KEY_UISupportedInterfaceOrientations_iPhone = "UIInterfaceOrientationPortrait UIInterfaceOrientationLandscapeLeft UIInterfaceOrientationLandscapeRight";
				IPHONEOS_DEPLOYMENT_TARGET = 15.0;
				LD_RUNPATH_SEARCH_PATHS = (
					"$(inherited)",
					"@executable_path/Frameworks",
				);
				MARKETING_VERSION = 1.0;
				PRODUCT_BUNDLE_IDENTIFIER = "com.shubham-iosdev.Color-Dev-UI";
				PRODUCT_NAME = "$(TARGET_NAME)";
				SUPPORTED_PLATFORMS = "iphoneos iphonesimulator";
				SUPPORTS_MACCATALYST = NO;
				SUPPORTS_MAC_DESIGNED_FOR_IPHONE_IPAD = NO;
				SWIFT_EMIT_LOC_STRINGS = YES;
				SWIFT_VERSION = 5.0;
				TARGETED_DEVICE_FAMILY = 1;
			};
			name = Debug;
		};
		5192ADD528FEAF2E00A2D3EC /* Release */ = {
			isa = XCBuildConfiguration;
			buildSettings = {
				ASSETCATALOG_COMPILER_APPICON_NAME = AppIcon;
				ASSETCATALOG_COMPILER_GLOBAL_ACCENT_COLOR_NAME = AccentColor;
				CODE_SIGN_STYLE = Automatic;
				CURRENT_PROJECT_VERSION = 1;
				DEVELOPMENT_ASSET_PATHS = "\"Color.Dev_UI/Resources/Preview Content\"";
				DEVELOPMENT_TEAM = VXZ7XFH447;
				ENABLE_PREVIEWS = YES;
				GENERATE_INFOPLIST_FILE = YES;
				INFOPLIST_FILE = "Color.Dev_UI/Resources/Color-Dev-UI-Info.plist";
				INFOPLIST_KEY_UIApplicationSceneManifest_Generation = YES;
				INFOPLIST_KEY_UIApplicationSupportsIndirectInputEvents = YES;
				INFOPLIST_KEY_UILaunchScreen_Generation = YES;
				INFOPLIST_KEY_UISupportedInterfaceOrientations_iPad = "UIInterfaceOrientationPortrait UIInterfaceOrientationPortraitUpsideDown UIInterfaceOrientationLandscapeLeft UIInterfaceOrientationLandscapeRight";
				INFOPLIST_KEY_UISupportedInterfaceOrientations_iPhone = "UIInterfaceOrientationPortrait UIInterfaceOrientationLandscapeLeft UIInterfaceOrientationLandscapeRight";
				IPHONEOS_DEPLOYMENT_TARGET = 15.0;
				LD_RUNPATH_SEARCH_PATHS = (
					"$(inherited)",
					"@executable_path/Frameworks",
				);
				MARKETING_VERSION = 1.0;
				PRODUCT_BUNDLE_IDENTIFIER = "com.shubham-iosdev.Color-Dev-UI";
				PRODUCT_NAME = "$(TARGET_NAME)";
				SUPPORTED_PLATFORMS = "iphoneos iphonesimulator";
				SUPPORTS_MACCATALYST = NO;
				SUPPORTS_MAC_DESIGNED_FOR_IPHONE_IPAD = NO;
				SWIFT_EMIT_LOC_STRINGS = YES;
				SWIFT_VERSION = 5.0;
				TARGETED_DEVICE_FAMILY = 1;
			};
			name = Release;
		};
/* End XCBuildConfiguration section */

/* Begin XCConfigurationList section */
		5192ADC028FEAF2E00A2D3EC /* Build configuration list for PBXProject "Color.Dev_UI" */ = {
			isa = XCConfigurationList;
			buildConfigurations = (
				5192ADD128FEAF2E00A2D3EC /* Debug */,
				5192ADD228FEAF2E00A2D3EC /* Release */,
			);
			defaultConfigurationIsVisible = 0;
			defaultConfigurationName = Release;
		};
		5192ADD328FEAF2E00A2D3EC /* Build configuration list for PBXNativeTarget "Color.Dev_UI" */ = {
			isa = XCConfigurationList;
			buildConfigurations = (
				5192ADD428FEAF2E00A2D3EC /* Debug */,
				5192ADD528FEAF2E00A2D3EC /* Release */,
			);
			defaultConfigurationIsVisible = 0;
			defaultConfigurationName = Release;
		};
/* End XCConfigurationList section */
	};
	rootObject = 5192ADBD28FEAF2E00A2D3EC /* Project object */;
}
